# THIS IS AN AUTOGENERATED FILE. DO NOT EDIT THIS FILE DIRECTLY.
# yarn lockfile v1


"@types/body-parser@*":
  "integrity" "sha512-a6bTJ21vFOGIkwM0kzh9Yr89ziVxq4vYH2fQ6N8AeipEzai/cFK6aGMArIkUeIdRIgpwQa+2bXiLuUJCpSf2Cg=="
  "resolved" "https://registry.npmjs.org/@types/body-parser/-/body-parser-1.19.1.tgz"
  "version" "1.19.1"
  dependencies:
    "@types/connect" "*"
    "@types/node" "*"

"@types/connect@*":
  "integrity" "sha512-cdeYyv4KWoEgpBISTxWvqYsVy444DOqehiF3fM3ne10AmJ62RSyNkUnxMJXHQWRQQX2eR94m5y1IZyDwBjV9FQ=="
  "resolved" "https://registry.npmjs.org/@types/connect/-/connect-3.4.35.tgz"
  "version" "3.4.35"
  dependencies:
    "@types/node" "*"

"@types/cors@^2.8.12":
  "integrity" "sha512-vt+kDhq/M2ayberEtJcIN/hxXy1Pk+59g2FV/ZQceeaTyCtCucjL2Q7FXlFjtWn4n15KCr1NE2lNNFhp0lEThw=="
  "resolved" "https://registry.npmjs.org/@types/cors/-/cors-2.8.12.tgz"
  "version" "2.8.12"

"@types/express-serve-static-core@^4.17.18":
  "integrity" "sha512-3UJuW+Qxhzwjq3xhwXm2onQcFHn76frIYVbTu+kn24LFxI+dEhdfISDFovPB8VpEgW8oQCTpRuCe+0zJxB7NEA=="
  "resolved" "https://registry.npmjs.org/@types/express-serve-static-core/-/express-serve-static-core-4.17.24.tgz"
  "version" "4.17.24"
  dependencies:
    "@types/node" "*"
    "@types/qs" "*"
    "@types/range-parser" "*"

"@types/express@^4.17.13":
  "integrity" "sha512-6bSZTPaTIACxn48l50SR+axgrqm6qXFIxrdAKaG6PaJk3+zuUr35hBlgT7vOmJcum+OEaIBLtHV/qloEAFITeA=="
  "resolved" "https://registry.npmjs.org/@types/express/-/express-4.17.13.tgz"
  "version" "4.17.13"
  dependencies:
    "@types/body-parser" "*"
    "@types/express-serve-static-core" "^4.17.18"
    "@types/qs" "*"
    "@types/serve-static" "*"

"@types/mime@^1":
  "integrity" "sha512-YATxVxgRqNH6nHEIsvg6k2Boc1JHI9ZbH5iWFFv/MTkchz3b1ieGDa5T0a9RznNdI0KhVbdbWSN+KWWrQZRxTw=="
  "resolved" "https://registry.npmjs.org/@types/mime/-/mime-1.3.2.tgz"
  "version" "1.3.2"

"@types/natural@^2.1.2":
  "integrity" "sha512-piNFbfpNjEbr7E8vq8RK+6yualaBv8uGw+aeq7umg9MPw9MPAjytz14d7H5Okpjp+t58gMo7Mfhuw2ZLGqGJSg=="
  "resolved" "https://registry.npmjs.org/@types/natural/-/natural-2.1.2.tgz"
  "version" "2.1.2"
  dependencies:
    "@types/node" "*"

"@types/node@*":
  "integrity" "sha512-Sr7BhXEAer9xyGuCN3Ek9eg9xPviCF2gfu9kTfuU2HkTVAMYSDeX40fvpmo72n5nansg3nsBjuQBrsS28r+NUw=="
  "resolved" "https://registry.npmjs.org/@types/node/-/node-16.6.1.tgz"
  "version" "16.6.1"

"@types/qs@*":
  "integrity" "sha512-FGa1F62FT09qcrueBA6qYTrJPVDzah9a+493+o2PCXsesWHIn27G98TsSMs3WPNbZIEj4+VJf6saSFpvD+3Zsw=="
  "resolved" "https://registry.npmjs.org/@types/qs/-/qs-6.9.7.tgz"
  "version" "6.9.7"

"@types/range-parser@*":
  "integrity" "sha512-EEhsLsD6UsDM1yFhAvy0Cjr6VwmpMWqFBCb9w07wVugF7w9nfajxLuVmngTIpgS6svCnm6Vaw+MZhoDCKnOfsw=="
  "resolved" "https://registry.npmjs.org/@types/range-parser/-/range-parser-1.2.4.tgz"
  "version" "1.2.4"

"@types/serve-static@*":
  "integrity" "sha512-nCkHGI4w7ZgAdNkrEu0bv+4xNV/XDqW+DydknebMOQwkpDGx8G+HTlj7R7ABI8i8nKxVw0wtKPi1D+lPOkh4YQ=="
  "resolved" "https://registry.npmjs.org/@types/serve-static/-/serve-static-1.13.10.tgz"
  "version" "1.13.10"
  dependencies:
    "@types/mime" "^1"
    "@types/node" "*"

"@types/stopword@^1.0.1":
  "integrity" "sha512-wB8tjBNUUbEKbJV/+vPm8Hem6w2TAy8ANzfjKup5aaQot2M+JPwRlBe1DCAbYz7j0zxZ6omsGIyWWfG8v0KCeg=="
  "resolved" "https://registry.npmjs.org/@types/stopword/-/stopword-1.0.1.tgz"
  "version" "1.0.1"

"@types/strip-bom@^3.0.0":
  "integrity" "sha1-FKjsOVbC6B7bdSB5CuzyHCkK69I= sha512-xevGOReSYGM7g/kUBZzPqCrR/KYAo+F0yiPc85WFTJa0MSLtyFTVTU6cJu/aV4mid7IffDIWqo69THF2o4JiEQ=="
  "resolved" "https://registry.npmjs.org/@types/strip-bom/-/strip-bom-3.0.0.tgz"
  "version" "3.0.0"

"@types/strip-json-comments@0.0.30":
  "integrity" "sha512-7NQmHra/JILCd1QqpSzl8+mJRc8ZHz3uDm8YV1Ks9IhK0epEiTw8aIErbvH9PI+6XbqhyIQy3462nEsn7UVzjQ=="
  "resolved" "https://registry.npmjs.org/@types/strip-json-comments/-/strip-json-comments-0.0.30.tgz"
  "version" "0.0.30"

"accepts@~1.3.7":
  "integrity" "sha512-Il80Qs2WjYlJIBNzNkK6KYqlVMTbZLXgHx2oT0pU/fjRHyEp+PEfEPY0R3WCwAGVOtauxh1hOxNgIf5bv7dQpA=="
  "resolved" "https://registry.npmjs.org/accepts/-/accepts-1.3.7.tgz"
  "version" "1.3.7"
  dependencies:
    "mime-types" "~2.1.24"
    "negotiator" "0.6.2"

"acorn@^1.0.3":
  "integrity" "sha1-yM4n3grMdtiW0rH6099YjZ6C8BQ= sha512-FsqWmApWGMGLKKNpHt12PMc5AK7BaZee0WRh04fCysmTzHe+rrKOa2MKjORhnzfpe4r0JnfdqHn02iDA9Dqj2A=="
  "resolved" "https://registry.npmjs.org/acorn/-/acorn-1.2.2.tgz"
  "version" "1.2.2"

"afinn-165@^1.0.2":
  "integrity" "sha512-7+Wlx3BImrK0HiG6y3lU4xX7SpBPSSu8T9iguPMlaueRFxjbYwAQrp9lqZUuFikqKbd/en8lVREILvP2J80uJA=="
  "resolved" "https://registry.npmjs.org/afinn-165/-/afinn-165-1.0.4.tgz"
  "version" "1.0.4"

"anymatch@~3.1.2":
  "integrity" "sha512-P43ePfOAIupkguHUycrc4qJ9kz8ZiuOUijaETwX7THt0Y/GNK7v0aa8rY816xWjZ7rJdA5XdMcpVFTKMq+RvWg=="
  "resolved" "https://registry.npmjs.org/anymatch/-/anymatch-3.1.2.tgz"
  "version" "3.1.2"
  dependencies:
    "normalize-path" "^3.0.0"
    "picomatch" "^2.0.4"

"apos-to-lex-form@^1.0.5":
  "integrity" "sha512-Q+VfceADLIaQIf0gGXYBjYA1GA2TSSLr3V3EUfQChyabd6rto+wzFR64e8SeYj8YZyk3SizNI4leNaZ3uyDi0g=="
  "resolved" "https://registry.npmjs.org/apos-to-lex-form/-/apos-to-lex-form-1.0.5.tgz"
  "version" "1.0.5"

"apparatus@^0.0.10":
  "integrity" "sha512-KLy/ugo33KZA7nugtQ7O0E1c8kQ52N3IvD/XgIh4w/Nr28ypfkwDfA67F1ev4N1m5D+BOk1+b2dEJDfpj/VvZg=="
  "resolved" "https://registry.npmjs.org/apparatus/-/apparatus-0.0.10.tgz"
  "version" "0.0.10"
  dependencies:
    "sylvester" ">= 0.0.8"

"arg@^4.1.0":
  "integrity" "sha512-58S9QDqG0Xx27YwPSt9fJxivjYl432YCwfDMfZ+71RAqUrZef7LrKQZ3LHLOwCS4FLNBplP533Zx895SeOCHvA=="
  "resolved" "https://registry.npmjs.org/arg/-/arg-4.1.3.tgz"
  "version" "4.1.3"

"array-flatten@1.1.1":
  "integrity" "sha1-ml9pkFGx5wczKPKgCJaLZOopVdI= sha512-PCVAQswWemu6UdxsDFFX/+gVeYqKAod3D3UVm91jHwynguOwAvYPhx8nNlM++NqRcK6CxxpUafjmhIdKiHibqg=="
  "resolved" "https://registry.npmjs.org/array-flatten/-/array-flatten-1.1.1.tgz"
  "version" "1.1.1"

"balanced-match@^1.0.0":
  "integrity" "sha512-3oSeUO0TMV67hN1AmbXsK4yaqU7tjiHlbxRDZOpH0KW9+CeX4bRAaX0Anxt0tx2MrpRpWwQaPwIlISEJhYU5Pw=="
  "resolved" "https://registry.npmjs.org/balanced-match/-/balanced-match-1.0.2.tgz"
  "version" "1.0.2"

"binary-extensions@^2.0.0":
  "integrity" "sha512-jDctJ/IVQbZoJykoeHbhXpOlNBqGNcwXJKJog42E5HDPUwQTSdjCHdihjj0DlnheQ7blbT6dHOafNAiS8ooQKA=="
  "resolved" "https://registry.npmjs.org/binary-extensions/-/binary-extensions-2.2.0.tgz"
  "version" "2.2.0"

"blanket@1.x.x":
  "integrity" "sha1-FRtJh8O9hFUrtfA7kO9fflkx5HM= sha512-u0jo0RgUaVK45tEWOBq8BhexulW74S0NcGmmqTXRyCc3bSl76TQgk6+NP0/+EWvBVAMBMyd9AffGXKFWkN8Eww=="
  "resolved" "https://registry.npmjs.org/blanket/-/blanket-1.2.3.tgz"
  "version" "1.2.3"
  dependencies:
    "acorn" "^1.0.3"
    "falafel" "~1.2.0"
    "foreach" "^2.0.5"
    "isarray" "0.0.1"
    "object-keys" "^1.0.6"
    "xtend" "~4.0.0"

"body-parser@1.19.0":
  "integrity" "sha512-dhEPs72UPbDnAQJ9ZKMNTP6ptJaionhP5cBb541nXPlW60Jepo9RV/a4fX4XWW9CuFNK22krhrj1+rgzifNCsw=="
  "resolved" "https://registry.npmjs.org/body-parser/-/body-parser-1.19.0.tgz"
  "version" "1.19.0"
  dependencies:
    "bytes" "3.1.0"
    "content-type" "~1.0.4"
    "debug" "2.6.9"
    "depd" "~1.1.2"
    "http-errors" "1.7.2"
    "iconv-lite" "0.4.24"
    "on-finished" "~2.3.0"
    "qs" "6.7.0"
    "raw-body" "2.4.0"
    "type-is" "~1.6.17"

"brace-expansion@^1.1.7":
  "integrity" "sha512-iCuPHDFgrHX7H2vEI/5xpz07zSHB00TpugqhmYtVmMO6518mCuRMoOYFldEBl0g187ufozdaHgWKcYFb61qGiA=="
  "resolved" "https://registry.npmjs.org/brace-expansion/-/brace-expansion-1.1.11.tgz"
  "version" "1.1.11"
  dependencies:
    "balanced-match" "^1.0.0"
    "concat-map" "0.0.1"

"braces@~3.0.2":
  "integrity" "sha512-b8um+L1RzM3WDSzvhm6gIz1yfTbBt6YTlcEKAvsmqCZZFw46z626lVj9j1yEPW33H5H+lBQpZMP1k8l+78Ha0A=="
  "resolved" "https://registry.npmjs.org/braces/-/braces-3.0.2.tgz"
  "version" "3.0.2"
  dependencies:
    "fill-range" "^7.0.1"

"buffer-from@^1.0.0":
  "integrity" "sha512-E+XQCRwSbaaiChtv6k6Dwgc+bx+Bs6vuKJHHl5kox/BaKbhiXzqQOwK4cO22yElGp2OCmjwVhT3HmxgyPGnJfQ=="
  "resolved" "https://registry.npmjs.org/buffer-from/-/buffer-from-1.1.2.tgz"
  "version" "1.1.2"

"bytes@3.1.0":
  "integrity" "sha512-zauLjrfCG+xvoyaqLoV8bLVXXNGC4JqlxFCutSDWA6fJrTo2ZuvLYTqZ7aHBLZSMOopbzwv8f+wZcVzfVTI2Dg=="
  "resolved" "https://registry.npmjs.org/bytes/-/bytes-3.1.0.tgz"
  "version" "3.1.0"

"chokidar@^3.5.1":
  "integrity" "sha512-ekGhOnNVPgT77r4K/U3GDhu+FQ2S8TnK/s2KbIGXi0SZWuwkZ2QNyfWdZW+TVfn84DpEP7rLeCt2UI6bJ8GwbQ=="
  "resolved" "https://registry.npmjs.org/chokidar/-/chokidar-3.5.2.tgz"
  "version" "3.5.2"
  dependencies:
    "anymatch" "~3.1.2"
    "braces" "~3.0.2"
    "glob-parent" "~5.1.2"
    "is-binary-path" "~2.1.0"
    "is-glob" "~4.0.1"
    "normalize-path" "~3.0.0"
    "readdirp" "~3.6.0"
  optionalDependencies:
    "fsevents" "~2.3.2"

"commander@0.6.1":
  "integrity" "sha1-+mihT2qUXVTbvlDYzbMyDp47GgY= sha512-0fLycpl1UMTGX257hRsu/arL/cUbcvQM4zMKwvLvzXtfdezIV4yotPS2dYtknF+NmEfWSoCEF6+hj9XLm/6hEw=="
  "resolved" "https://registry.npmjs.org/commander/-/commander-0.6.1.tgz"
  "version" "0.6.1"

"commander@2.3.0":
  "integrity" "sha1-/UMOiJgy7DU7ms0d4hfBHLPu+HM= sha512-CD452fnk0jQyk3NfnK+KkR/hUPoHt5pVaKHogtyyv3N0U4QfAal9W0/rXLOg/vVZgQKa7jdtXypKs1YAip11uQ=="
  "resolved" "https://registry.npmjs.org/commander/-/commander-2.3.0.tgz"
  "version" "2.3.0"

"concat-map@0.0.1":
  "integrity" "sha1-2Klr13/Wjfd5OnMDajug1UBdR3s= sha512-/Srv4dswyQNBfohGpz9o6Yb3Gz3SrUDqBH5rTuhGR7ahtlbYKnVxw2bCFMRljaA7EXHaXZ8wsHdodFvbkhKmqg=="
  "resolved" "https://registry.npmjs.org/concat-map/-/concat-map-0.0.1.tgz"
  "version" "0.0.1"

"content-disposition@0.5.3":
  "integrity" "sha512-ExO0774ikEObIAEV9kDo50o+79VCUdEB6n6lzKgGwupcVeRlhrj3qGAfwq8G6uBJjkqLrhT0qEYFcWng8z1z0g=="
  "resolved" "https://registry.npmjs.org/content-disposition/-/content-disposition-0.5.3.tgz"
  "version" "0.5.3"
  dependencies:
    "safe-buffer" "5.1.2"

"content-type@~1.0.4":
  "integrity" "sha512-hIP3EEPs8tB9AT1L+NUqtwOAps4mk2Zob89MWXMHjHWg9milF/j4osnnQLXBCBFBk/tvIG/tUc9mOUJiPBhPXA=="
  "resolved" "https://registry.npmjs.org/content-type/-/content-type-1.0.4.tgz"
  "version" "1.0.4"

"cookie-signature@1.0.6":
  "integrity" "sha1-4wOogrNCzD7oylE6eZmXNNqzriw= sha512-QADzlaHc8icV8I7vbaJXJwod9HWYp8uCqf1xa4OfNu1T7JVxQIrUgOWtHdNDtPiywmFbiS12VjotIXLrKM3orQ=="
  "resolved" "https://registry.npmjs.org/cookie-signature/-/cookie-signature-1.0.6.tgz"
  "version" "1.0.6"

"cookie@0.4.0":
  "integrity" "sha512-+Hp8fLp57wnUSt0tY0tHEXh4voZRDnoIrZPqlo3DPiI4y9lwg/jqx+1Om94/W6ZaPDOUbnjOt/99w66zk+l1Xg=="
  "resolved" "https://registry.npmjs.org/cookie/-/cookie-0.4.0.tgz"
  "version" "0.4.0"

"cors@^2.8.5":
  "integrity" "sha512-KIHbLJqu73RGr/hnbrO9uBeixNGuvSQjul/jdFvS/KFSIH1hWVd1ng7zOHx+YrEfInLG7q4n6GHQ9cDtxv/P6g=="
  "resolved" "https://registry.npmjs.org/cors/-/cors-2.8.5.tgz"
  "version" "2.8.5"
  dependencies:
    "object-assign" "^4"
    "vary" "^1"

"create-require@^1.1.0":
  "integrity" "sha512-dcKFX3jn0MpIaXjisoRvexIJVEKzaq7z2rZKxf+MSr9TkdmHmsU4m2lcLojrj/FHl8mk5VxMmYA+ftRkP/3oKQ=="
  "resolved" "https://registry.npmjs.org/create-require/-/create-require-1.1.1.tgz"
  "version" "1.1.1"

"debug@2.2.0":
  "integrity" "sha1-+HBX6ZWxofauaklgZkE3vFbwOdo= sha512-X0rGvJcskG1c3TgSCPqHJ0XJgwlcvOC7elJ5Y0hYuKBZoVqWpAMfLOeIh2UI/DCQ5ruodIjvsugZtjUYUw2pUw=="
  "resolved" "https://registry.npmjs.org/debug/-/debug-2.2.0.tgz"
  "version" "2.2.0"
  dependencies:
    "ms" "0.7.1"

"debug@2.6.9":
  "integrity" "sha512-bC7ElrdJaJnPbAP+1EotYvqZsb3ecl5wi6Bfi6BJTUcNowp6cvspg0jXznRTKDjm/E7AdgFBVeAPVMNcKGsHMA=="
  "resolved" "https://registry.npmjs.org/debug/-/debug-2.6.9.tgz"
  "version" "2.6.9"
  dependencies:
    "ms" "2.0.0"

"depd@~1.1.2":
  "integrity" "sha1-m81S4UwJd2PnSbJ0xDRu0uVgtak= sha512-7emPTl6Dpo6JRXOXjLRxck+FlLRX5847cLKEn00PLAgc3g2hTZZgr+e4c2v6QpSmLeFP3n5yUo7ft6avBK/5jQ=="
  "resolved" "https://registry.npmjs.org/depd/-/depd-1.1.2.tgz"
  "version" "1.1.2"

"destroy@~1.0.4":
  "integrity" "sha1-l4hXRCxEdJ5CBmE+N5RiBYJqvYA= sha512-3NdhDuEXnfun/z7x9GOElY49LoqVHoGScmOKwmxhsS8N5Y+Z8KyPPDnaSzqWgYt/ji4mqwfTS34Htrk0zPIXVg=="
  "resolved" "https://registry.npmjs.org/destroy/-/destroy-1.0.4.tgz"
  "version" "1.0.4"

"diff@^4.0.1":
  "integrity" "sha512-58lmxKSA4BNyLz+HHMUzlOEpg09FV+ev6ZMe3vJihgdxzgcwZ8VoEEPmALCZG9LmqfVoNMMKpttIYTVG6uDY7A=="
  "resolved" "https://registry.npmjs.org/diff/-/diff-4.0.2.tgz"
  "version" "4.0.2"

"diff@1.4.0":
  "integrity" "sha1-fyjS657nsVqX79ic5j3P2qPMur8= sha512-VzVc42hMZbYU9Sx/ltb7KYuQ6pqAw+cbFWVy4XKdkuEL2CFaRLGEnISPs7YdzaUGpi+CpIqvRmu7hPQ4T7EQ5w=="
  "resolved" "https://registry.npmjs.org/diff/-/diff-1.4.0.tgz"
  "version" "1.4.0"

"dynamic-dedupe@^0.3.0":
  "integrity" "sha1-BuRMIj9eTpTXjvnbI6ZRXOL5YqE= sha512-ssuANeD+z97meYOqd50e04Ze5qp4bPqo8cCkI4TRjZkzAUgIDTrXV1R8QCdINpiI+hw14+rYazvTRdQrz0/rFQ=="
  "resolved" "https://registry.npmjs.org/dynamic-dedupe/-/dynamic-dedupe-0.3.0.tgz"
  "version" "0.3.0"
  dependencies:
    "xtend" "^4.0.0"

"ee-first@1.1.1":
  "integrity" "sha1-WQxhFWsK4vTwJVcyoViyZrxWsh0= sha512-WMwm9LhRUo+WUaRN+vRuETqG89IgZphVSNkdFgeb6sS/E4OrDIN7t48CAewSHXc6C8lefD8KKfr5vY61brQlow=="
  "resolved" "https://registry.npmjs.org/ee-first/-/ee-first-1.1.1.tgz"
  "version" "1.1.1"

"encodeurl@~1.0.2":
  "integrity" "sha1-rT/0yG7C0CkyL1oCw6mmBslbP1k= sha512-TPJXq8JqFaVYm2CWmPvnP2Iyo4ZSM7/QKcSmuMLDObfpH5fi7RUGmd/rTDf+rut/saiDiQEeVTNgAmJEdAOx0w=="
  "resolved" "https://registry.npmjs.org/encodeurl/-/encodeurl-1.0.2.tgz"
  "version" "1.0.2"

"escape-html@~1.0.3":
  "integrity" "sha1-Aljq5NPQwJdN4cFpGI7wBR0dGYg= sha512-NiSupZ4OeuGwr68lGIeym/ksIZMJodUGOSCZ/FSnTxcrekbvqrgdUxlJOMpijaKZVjAJrWrGs/6Jy8OMuyj9ow=="
  "resolved" "https://registry.npmjs.org/escape-html/-/escape-html-1.0.3.tgz"
  "version" "1.0.3"

"escape-string-regexp@1.0.2":
  "integrity" "sha1-Tbwv5nTnGUnK8/smlc5/LcHZqNE= sha512-cQpUid7bdTUnFin8S7BnNdOk+/eDqQmKgCANSyd/jAhrKEvxUvr9VQ8XZzXiOtest8NLfk3FSBZzwvemZNQ6Vg=="
  "resolved" "https://registry.npmjs.org/escape-string-regexp/-/escape-string-regexp-1.0.2.tgz"
  "version" "1.0.2"

"etag@~1.8.1":
  "integrity" "sha1-Qa4u62XvpiJorr/qg6x9eSmbCIc= sha512-aIL5Fx7mawVa300al2BnEE4iNvo1qETxLrPI/o05L7z6go7fCw1J6EQmbK4FmJ2AS7kgVF/KEZWufBfdClMcPg=="
  "resolved" "https://registry.npmjs.org/etag/-/etag-1.8.1.tgz"
  "version" "1.8.1"

"express@^4.17.1":
  "integrity" "sha512-mHJ9O79RqluphRrcw2X/GTh3k9tVv8YcoyY4Kkh4WDMUYKRZUq0h1o0w2rrrxBqM7VoeUVqgb27xlEMXTnYt4g=="
  "resolved" "https://registry.npmjs.org/express/-/express-4.17.1.tgz"
  "version" "4.17.1"
  dependencies:
    "accepts" "~1.3.7"
    "array-flatten" "1.1.1"
    "body-parser" "1.19.0"
    "content-disposition" "0.5.3"
    "content-type" "~1.0.4"
    "cookie" "0.4.0"
    "cookie-signature" "1.0.6"
    "debug" "2.6.9"
    "depd" "~1.1.2"
    "encodeurl" "~1.0.2"
    "escape-html" "~1.0.3"
    "etag" "~1.8.1"
    "finalhandler" "~1.1.2"
    "fresh" "0.5.2"
    "merge-descriptors" "1.0.1"
    "methods" "~1.1.2"
    "on-finished" "~2.3.0"
    "parseurl" "~1.3.3"
    "path-to-regexp" "0.1.7"
    "proxy-addr" "~2.0.5"
    "qs" "6.7.0"
    "range-parser" "~1.2.1"
    "safe-buffer" "5.1.2"
    "send" "0.17.1"
    "serve-static" "1.14.1"
    "setprototypeof" "1.1.1"
    "statuses" "~1.5.0"
    "type-is" "~1.6.18"
    "utils-merge" "1.0.1"
    "vary" "~1.1.2"

"falafel@~1.2.0":
  "integrity" "sha1-wY0k71CRF0pJfzGM0ksCaiXN2rQ= sha512-oKyHugGk3tYQcZmj3+J+0PlcU59JYOZL60Lr3dYwsLDDYYR/+GYvAhW5WO3NTfh2FJOcGRoXJxxtGpda1qE5Sg=="
  "resolved" "https://registry.npmjs.org/falafel/-/falafel-1.2.0.tgz"
  "version" "1.2.0"
  dependencies:
    "acorn" "^1.0.3"
    "foreach" "^2.0.5"
    "isarray" "0.0.1"
    "object-keys" "^1.0.6"

"fill-range@^7.0.1":
  "integrity" "sha512-qOo9F+dMUmC2Lcb4BbVvnKJxTPjCm+RRpe4gDuGrzkL7mEVl/djYSu2OdQ2Pa302N4oqkSg9ir6jaLWJ2USVpQ=="
  "resolved" "https://registry.npmjs.org/fill-range/-/fill-range-7.0.1.tgz"
  "version" "7.0.1"
  dependencies:
    "to-regex-range" "^5.0.1"

"finalhandler@~1.1.2":
  "integrity" "sha512-aAWcW57uxVNrQZqFXjITpW3sIUQmHGG3qSb9mUah9MgMC4NeWhNOlNjXEYq3HjRAvL6arUviZGGJsBg6z0zsWA=="
  "resolved" "https://registry.npmjs.org/finalhandler/-/finalhandler-1.1.2.tgz"
  "version" "1.1.2"
  dependencies:
    "debug" "2.6.9"
    "encodeurl" "~1.0.2"
    "escape-html" "~1.0.3"
    "on-finished" "~2.3.0"
    "parseurl" "~1.3.3"
    "statuses" "~1.5.0"
    "unpipe" "~1.0.0"

"foreach@^2.0.5":
  "integrity" "sha1-C+4AUBiusmDQo6865ljdATbsG5k= sha512-ZBbtRiapkZYLsqoPyZOR+uPfto0GRMNQN1GwzZtZt7iZvPPbDDQV0JF5Hx4o/QFQ5c0vyuoZ98T8RSBbopzWtA=="
  "resolved" "https://registry.npmjs.org/foreach/-/foreach-2.0.5.tgz"
  "version" "2.0.5"

"forwarded@0.2.0":
  "integrity" "sha512-buRG0fpBtRHSTCOASe6hD258tEubFoRLb4ZNA6NxMVHNw2gOcwHo9wyablzMzOA5z9xA9L1KNjk/Nt6MT9aYow=="
  "resolved" "https://registry.npmjs.org/forwarded/-/forwarded-0.2.0.tgz"
  "version" "0.2.0"

"fresh@0.5.2":
  "integrity" "sha1-PYyt2Q2XZWn6g1qx+OSyOhBWBac= sha512-zJ2mQYM18rEFOudeV4GShTGIQ7RbzA7ozbU9I/XBpm7kqgMywgmylMwXHxZJmkVoYkna9d2pVXVXPdYTP9ej8Q=="
  "resolved" "https://registry.npmjs.org/fresh/-/fresh-0.5.2.tgz"
  "version" "0.5.2"

"fs.realpath@^1.0.0":
  "integrity" "sha1-FQStJSMVjKpA20onh8sBQRmU6k8= sha512-OO0pH2lK6a0hZnAdau5ItzHPI6pUlvI7jMVnxUQRtw4owF2wk8lOSabtGDCTP4Ggrg2MbGnWO9X8K1t4+fGMDw=="
  "resolved" "https://registry.npmjs.org/fs.realpath/-/fs.realpath-1.0.0.tgz"
  "version" "1.0.0"

"fs@x.x.x":
  "integrity" "sha1-4fJE7zkzwbKmS9R5kTYGDQ9ZFPg= sha512-YAiVokMCrSIFZiroB1oz51hPiPRVcUtSa4x2U5RYXyhS9VAPdiFigKbPTnOSq7XY8wd3FIVPYmXpo5lMzFmxgg=="
  "resolved" "https://registry.npmjs.org/fs/-/fs-0.0.2.tgz"
  "version" "0.0.2"

"function-bind@^1.1.1":
  "integrity" "sha512-yIovAzMX49sF8Yl58fSCWJ5svSLuaibPxXQJFLmBObTuCr0Mf1KiPopGM9NiFjiYBCbfaa2Fh6breQ6ANVTI0A=="
  "resolved" "https://registry.npmjs.org/function-bind/-/function-bind-1.1.1.tgz"
  "version" "1.1.1"

"glob-parent@~5.1.2":
  "integrity" "sha512-AOIgSQCepiJYwP3ARnGx+5VnTu2HBYdzbGP45eLw1vr3zB3vZLeyed1sC9hnbcOc9/SrMyM5RPQrkGz4aS9Zow=="
  "resolved" "https://registry.npmjs.org/glob-parent/-/glob-parent-5.1.2.tgz"
  "version" "5.1.2"
  dependencies:
    "is-glob" "^4.0.1"

"glob@^7.1.3":
  "integrity" "sha512-OvD9ENzPLbegENnYP5UUfJIirTg4+XwMWGaQfQTY0JenxNvvIKP3U3/tAQSPIu/lHxXYSZmpXlUHeqAIdKzBLQ=="
  "resolved" "https://registry.npmjs.org/glob/-/glob-7.1.7.tgz"
  "version" "7.1.7"
  dependencies:
    "fs.realpath" "^1.0.0"
    "inflight" "^1.0.4"
    "inherits" "2"
    "minimatch" "^3.0.4"
    "once" "^1.3.0"
    "path-is-absolute" "^1.0.0"

"glob@3.2.11":
  "integrity" "sha1-Spc/Y1uRkPcV0QmH1cAP0oFevj0= sha512-hVb0zwEZwC1FXSKRPFTeOtN7AArJcJlI6ULGLtrstaswKNlrTJqAA+1lYlSUop4vjA423xlBzqfVS3iWGlqJ+g=="
  "resolved" "https://registry.npmjs.org/glob/-/glob-3.2.11.tgz"
  "version" "3.2.11"
  dependencies:
    "inherits" "2"
    "minimatch" "0.3"

"growl@1.9.2":
  "integrity" "sha1-Dqd0NxXbjY3ixe3hd14bRayFwC8= sha512-RTBwDHhNuOx4F0hqzItc/siXCasGfC4DeWcBamclWd+6jWtBaeB/SGbMkGf0eiQoW7ib8JpvOgnUsmgMHI3Mfw=="
  "resolved" "https://registry.npmjs.org/growl/-/growl-1.9.2.tgz"
  "version" "1.9.2"

"has@^1.0.3":
  "integrity" "sha512-f2dvO0VU6Oej7RkWJGrehjbzMAjFp5/VKPp5tTpWIV4JHHZK1/BxbFRtf/siA2SWTe09caDmVtYYzWEIbBS4zw=="
  "resolved" "https://registry.npmjs.org/has/-/has-1.0.3.tgz"
  "version" "1.0.3"
  dependencies:
    "function-bind" "^1.1.1"

"hashmap@2.0.3":
  "integrity" "sha1-+IlUXTb+aKtW5MUiNQCd1mEIsVM= sha512-rK8JpJs7+ImpseLGVdAq58VDNKc2kNRr1Jp5eoJKT1z8UQuRiNlDv2VAXghbFUiU1icUo8Y1NGe+btg5nDpMYw=="
  "resolved" "https://registry.npmjs.org/hashmap/-/hashmap-2.0.3.tgz"
  "version" "2.0.3"

"http-errors@~1.7.2", "http-errors@1.7.2":
  "integrity" "sha512-uUQBt3H/cSIVfch6i1EuPNy/YsRSOUBXTVfZ+yR7Zjez3qjBz6i9+i4zjNaoqcoFVI4lQJ5plg63TvGfRSDCRg=="
  "resolved" "https://registry.npmjs.org/http-errors/-/http-errors-1.7.2.tgz"
  "version" "1.7.2"
  dependencies:
    "depd" "~1.1.2"
    "inherits" "2.0.3"
    "setprototypeof" "1.1.1"
    "statuses" ">= 1.5.0 < 2"
    "toidentifier" "1.0.0"

"iconv-lite@0.4.24":
  "integrity" "sha512-v3MXnZAcvnywkTUEZomIActle7RXXeedOR31wwl7VlyoXO4Qi9arvSenNQWne1TcRwhCL1HwLI21bEqdpj8/rA=="
  "resolved" "https://registry.npmjs.org/iconv-lite/-/iconv-lite-0.4.24.tgz"
  "version" "0.4.24"
  dependencies:
    "safer-buffer" ">= 2.1.2 < 3"

"inflight@^1.0.4":
  "integrity" "sha1-Sb1jMdfQLQwJvJEKEHW6gWW1bfk= sha512-k92I/b08q4wvFscXCLvqfsHCrjrF7yiXsQuIVvVE7N82W3+aqpzuUdBbfhWcy/FZR3/4IgflMgKLOsvPDrGCJA=="
  "resolved" "https://registry.npmjs.org/inflight/-/inflight-1.0.6.tgz"
  "version" "1.0.6"
  dependencies:
    "once" "^1.3.0"
    "wrappy" "1"

"inherits@2", "inherits@2.0.3":
  "integrity" "sha1-Yzwsg+PaQqUC9SRmAiSA9CCCYd4= sha512-x00IRNXNy63jwGkJmzPigoySHbaqpNuzKbBOmzK+g2OdZpQ9w+sxCN+VSB3ja7IAge2OP2qpfxTjeNcyjmW1uw=="
  "resolved" "https://registry.npmjs.org/inherits/-/inherits-2.0.3.tgz"
  "version" "2.0.3"

"ipaddr.js@1.9.1":
  "integrity" "sha512-0KI/607xoxSToH7GjN1FfSbLoU0+btTicjsQSWQlh/hZykN8KpmMf7uYwPW3R+akZ6R/w18ZlXSHBYXiYUPO3g=="
  "resolved" "https://registry.npmjs.org/ipaddr.js/-/ipaddr.js-1.9.1.tgz"
  "version" "1.9.1"

"is-binary-path@~2.1.0":
  "integrity" "sha512-ZMERYes6pDydyuGidse7OsHxtbI7WVeUEozgR/g7rd0xUimYNlvZRE/K2MgZTjWy725IfelLeVcEM97mmtRGXw=="
  "resolved" "https://registry.npmjs.org/is-binary-path/-/is-binary-path-2.1.0.tgz"
  "version" "2.1.0"
  dependencies:
    "binary-extensions" "^2.0.0"

"is-core-module@^2.2.0":
  "integrity" "sha512-wShG8vs60jKfPWpF2KZRaAtvt3a20OAn7+IJ6hLPECpSABLcKtFKTTI4ZtH5QcBruBHlq+WsdHWyz0BCZW7svQ=="
  "resolved" "https://registry.npmjs.org/is-core-module/-/is-core-module-2.6.0.tgz"
  "version" "2.6.0"
  dependencies:
    "has" "^1.0.3"

"is-extglob@^2.1.1":
  "integrity" "sha1-qIwCU1eR8C7TfHahueqXc8gz+MI= sha512-SbKbANkN603Vi4jEZv49LeVJMn4yGwsbzZworEoyEiutsN3nJYdbO36zfhGJ6QEDpOZIFkDtnq5JRxmvl3jsoQ=="
  "resolved" "https://registry.npmjs.org/is-extglob/-/is-extglob-2.1.1.tgz"
  "version" "2.1.1"

"is-glob@^4.0.1", "is-glob@~4.0.1":
  "integrity" "sha512-5G0tKtBTFImOqDnLB2hG6Bp2qcKEFduo4tZu9MT/H6NQv/ghhy30o55ufafxJ/LdH79LLs2Kfrn85TLKyA7BUg=="
  "resolved" "https://registry.npmjs.org/is-glob/-/is-glob-4.0.1.tgz"
  "version" "4.0.1"
  dependencies:
    "is-extglob" "^2.1.1"

"is-number@^7.0.0":
  "integrity" "sha512-41Cifkg6e8TylSpdtTpeLVMqvSBEVzTttHvERD741+pnZ8ANv0004MRL43QKPDlK9cGvNp6NZWZUBlbGXYxxng=="
  "resolved" "https://registry.npmjs.org/is-number/-/is-number-7.0.0.tgz"
  "version" "7.0.0"

"isarray@0.0.1":
  "integrity" "sha1-ihis/Kmo9Bd+Cav8YDiTmwXR7t8= sha512-D2S+3GLxWH+uhrNEcoh/fnmYeP8E8/zHl644d/jdA0g2uyXvy3sb0qxotE+ne0LtccHknQzWwZEzhak7oJ0COQ=="
  "resolved" "https://registry.npmjs.org/isarray/-/isarray-0.0.1.tgz"
  "version" "0.0.1"

"jade@0.26.3":
  "integrity" "sha1-jxDXl32NefL2/4YqgbBRPMslaGw= sha512-mkk3vzUHFjzKjpCXeu+IjXeZD+QOTjUUdubgmHtHTDwvAO2ZTkMTTVrapts5CWz3JvJryh/4KWZpjeZrCepZ3A=="
  "resolved" "https://registry.npmjs.org/jade/-/jade-0.26.3.tgz"
  "version" "0.26.3"
  dependencies:
    "commander" "0.6.1"
    "mkdirp" "0.3.0"

"json-stable-stringify@^1.0.1":
  "integrity" "sha1-mnWdOcXy/1A/1TAGRu1EX4jE+a8= sha512-i/J297TW6xyj7sDFa7AmBPkQvLIxWr2kKPWI26tXydnZrzVAocNqn5DMNT1Mzk0vit1V5UkRM7C1KdVNp7Lmcg=="
  "resolved" "https://registry.npmjs.org/json-stable-stringify/-/json-stable-stringify-1.0.1.tgz"
  "version" "1.0.1"
  dependencies:
    "jsonify" "~0.0.0"

"jsonify@~0.0.0":
  "integrity" "sha1-LHS27kHZPKUbe1qu6PUDYx0lKnM= sha512-trvBk1ki43VZptdBI5rIlG4YOzyeH/WefQt5rj1grasPn4iiZWKet8nkgc4GlsAylaztn0qZfUYOiTsASJFdNA=="
  "resolved" "https://registry.npmjs.org/jsonify/-/jsonify-0.0.0.tgz"
  "version" "0.0.0"

"lru-cache@2":
  "integrity" "sha1-bUUk6LlV+V1PW1iFHOId1y+06VI= sha512-WpibWJ60c3AgAz8a2iYErDrcT2C7OmKnsWhIcHOjkUHFjkXncJhtLxNSqUmxRxRunpb5I8Vprd7aNSd2NtksJQ=="
  "resolved" "https://registry.npmjs.org/lru-cache/-/lru-cache-2.7.3.tgz"
  "version" "2.7.3"

"make-error@^1.1.1":
  "integrity" "sha512-s8UhlNe7vPKomQhC1qFelMokr/Sc3AgNbso3n74mVPA5LTZwkB9NlXf4XPamLxJE8h0gh73rM94xvwRT2CVInw=="
  "resolved" "https://registry.npmjs.org/make-error/-/make-error-1.3.6.tgz"
  "version" "1.3.6"

"media-typer@0.3.0":
  "integrity" "sha1-hxDXrwqmJvj/+hzgAWhUUmMlV0g= sha512-dq+qelQ9akHpcOl/gUVRTxVIOkAJ1wR3QAvb4RsVjS8oVoFjDGTc679wJYmUmknUF5HwMLOgb5O+a3KxfWapPQ=="
  "resolved" "https://registry.npmjs.org/media-typer/-/media-typer-0.3.0.tgz"
  "version" "0.3.0"

"merge-descriptors@1.0.1":
  "integrity" "sha1-sAqqVW3YtEVoFQ7J0blT8/kMu2E= sha512-cCi6g3/Zr1iqQi6ySbseM1Xvooa98N0w31jzUYrXPX2xqObmFGHJ0tQ5u74H3mVh7wLouTseZyYIq39g8cNp1w=="
  "resolved" "https://registry.npmjs.org/merge-descriptors/-/merge-descriptors-1.0.1.tgz"
  "version" "1.0.1"

"methods@~1.1.2":
  "integrity" "sha1-VSmk1nZUE07cxSZmVoNbD4Ua/O4= sha512-iclAHeNqNm68zFtnZ0e+1L2yUIdvzNoauKU4WBA3VvH/vPFieF7qfRlwUZU+DA9P9bPXIS90ulxoUoCH23sV2w=="
  "resolved" "https://registry.npmjs.org/methods/-/methods-1.1.2.tgz"
  "version" "1.1.2"

"mime-db@1.49.0":
  "integrity" "sha512-CIc8j9URtOVApSFCQIF+VBkX1RwXp/oMMOrqdyXSBXq5RWNEsRfyj1kiRnQgmNXmHxPoFIxOroKA3zcU9P+nAA=="
  "resolved" "https://registry.npmjs.org/mime-db/-/mime-db-1.49.0.tgz"
  "version" "1.49.0"

"mime-types@~2.1.24":
  "integrity" "sha512-hJGaVS4G4c9TSMYh2n6SQAGrC4RnfU+daP8G7cSCmaqNjiOoUY0VHCMS42pxnQmVF1GWwFhbHWn3RIxCqTmZ9A=="
  "resolved" "https://registry.npmjs.org/mime-types/-/mime-types-2.1.32.tgz"
  "version" "2.1.32"
  dependencies:
    "mime-db" "1.49.0"

"mime@1.6.0":
  "integrity" "sha512-x0Vn8spI+wuJ1O6S7gnbaQg8Pxh4NNHb7KSINmEWKiPE4RKOplvijn+NkmYmmRgP68mc70j2EbeTFRsrswaQeg=="
  "resolved" "https://registry.npmjs.org/mime/-/mime-1.6.0.tgz"
  "version" "1.6.0"

"minimatch@^3.0.4":
  "integrity" "sha512-yJHVQEhyqPLUTgt9B83PXu6W3rx4MvvHvSUvToogpwoGDOUQ+yDrR0HRot+yOCdCO7u4hX3pWft6kWBBcqh0UA=="
  "resolved" "https://registry.npmjs.org/minimatch/-/minimatch-3.0.4.tgz"
  "version" "3.0.4"
  dependencies:
    "brace-expansion" "^1.1.7"

"minimatch@0.3":
  "integrity" "sha1-J12O2qxPG7MyZHIInnlJyDlGmd0= sha512-WFX1jI1AaxNTZVOHLBVazwTWKaQjoykSzCBNXB72vDTCzopQGtyP91tKdFK5cv1+qMwPyiTu1HqUriqplI8pcA=="
  "resolved" "https://registry.npmjs.org/minimatch/-/minimatch-0.3.0.tgz"
  "version" "0.3.0"
  dependencies:
    "lru-cache" "2"
    "sigmund" "~1.0.0"

"minimist@^1.2.5":
  "integrity" "sha512-FM9nNUYrRBAELZQT3xeZQ7fmMOBg6nWNmJKTcgsJeaLstP/UODVpGsr5OhXhhXg6f+qtJ8uiZ+PUxkDWcgIXLw=="
  "resolved" "https://registry.npmjs.org/minimist/-/minimist-1.2.5.tgz"
  "version" "1.2.5"

"minimist@0.0.8":
  "integrity" "sha1-hX/Kv8M5fSYluCKCYuhqp6ARsF0= sha512-miQKw5Hv4NS1Psg2517mV4e4dYNaO3++hjAvLOAzKqZ61rH8NS1SK+vbfBWZ5PY/Me/bEWhUwqMghEW5Fb9T7Q=="
  "resolved" "https://registry.npmjs.org/minimist/-/minimist-0.0.8.tgz"
  "version" "0.0.8"

"mkdirp@^1.0.4":
  "integrity" "sha512-vVqVZQyf3WLx2Shd0qJ9xuvqgAyKPLAiqITEtqW0oIUjzo3PePDd6fW9iFz30ef7Ysp/oiWqbhszeGWW2T6Gzw=="
  "resolved" "https://registry.npmjs.org/mkdirp/-/mkdirp-1.0.4.tgz"
  "version" "1.0.4"

"mkdirp@0.3.0":
  "integrity" "sha1-G79asbqCevI1dRQ0kEJkVfSB/h4= sha512-OHsdUcVAQ6pOtg5JYWpCBo9W/GySVuwvP9hueRMW7UqshC0tbfzLv8wjySTPm3tfUZ/21CE9E1pJagOA91Pxew=="
  "resolved" "https://registry.npmjs.org/mkdirp/-/mkdirp-0.3.0.tgz"
  "version" "0.3.0"

"mkdirp@0.5.1":
  "integrity" "sha1-MAV0OOrGz3+MR2fzhkjWaX11yQM= sha512-SknJC52obPfGQPnjIkXbmA6+5H15E+fR+E4iR2oQ3zzCLbd7/ONua69R/Gw7AgkTLsRG+r5fzksYwWe1AgTyWA=="
  "resolved" "https://registry.npmjs.org/mkdirp/-/mkdirp-0.5.1.tgz"
  "version" "0.5.1"
  dependencies:
    "minimist" "0.0.8"

"mocha@2.x.x":
  "integrity" "sha1-FhvlvetJZ3HrmzV0UFC2IrWu/Fg= sha512-jNt2iEk9FPmZLzL+sm4FNyOIDYXf2wUU6L4Cc8OIKK/kzgMHKPi4YhTZqG4bW4kQVdIv6wutDybRhXfdnujA1Q=="
  "resolved" "https://registry.npmjs.org/mocha/-/mocha-2.5.3.tgz"
  "version" "2.5.3"
  dependencies:
    "commander" "2.3.0"
    "debug" "2.2.0"
    "diff" "1.4.0"
    "escape-string-regexp" "1.0.2"
    "glob" "3.2.11"
    "growl" "1.9.2"
    "jade" "0.26.3"
    "mkdirp" "0.5.1"
    "supports-color" "1.2.0"
    "to-iso-string" "0.0.2"

"ms@0.7.1":
  "integrity" "sha1-nNE8A62/8ltl7/3nzoZO6VIBcJg= sha512-lRLiIR9fSNpnP6TC4v8+4OU7oStC01esuNowdQ34L+Gk8e5Puoc88IqJ+XAY/B3Mn2ZKis8l8HX90oU8ivzUHg=="
  "resolved" "https://registry.npmjs.org/ms/-/ms-0.7.1.tgz"
  "version" "0.7.1"

"ms@2.0.0":
  "integrity" "sha1-VgiurfwAvmwpAd9fmGF4jeDVl8g= sha512-Tpp60P6IUJDTuOq/5Z8cdskzJujfwqfOTkrwIwj7IRISpnkJnT6SyJ4PCPnGMoFjC9ddhal5KVIYtAt97ix05A=="
  "resolved" "https://registry.npmjs.org/ms/-/ms-2.0.0.tgz"
  "version" "2.0.0"

"ms@2.1.1":
  "integrity" "sha512-tgp+dl5cGk28utYktBsrFqA7HKgrhgPsg6Z/EfhWI4gl1Hwq8B/GmY/0oXZ6nF8hDVesS/FpnYaD/kOWhYQvyg=="
  "resolved" "https://registry.npmjs.org/ms/-/ms-2.1.1.tgz"
  "version" "2.1.1"

"natural@^5.0.4":
  "integrity" "sha512-dBc+YkSb8YkIOfryly7qMhR519VF6r36IdDPg7CnPBXYAbqi3dC2cpPF2PkID8xTTtu1qDYWulDKinfRa3OKrw=="
  "resolved" "https://registry.npmjs.org/natural/-/natural-5.0.4.tgz"
  "version" "5.0.4"
  dependencies:
    "afinn-165" "^1.0.2"
    "apparatus" "^0.0.10"
    "json-stable-stringify" "^1.0.1"
    "sylvester" "^0.0.12"
    "underscore" "^1.9.1"
    "wordnet-db" "^3.1.11"

"negotiator@0.6.2":
  "integrity" "sha512-hZXc7K2e+PgeI1eDBe/10Ard4ekbfrrqG8Ep+8Jmf4JID2bNg7NvCPOZN+kfF574pFQI7mum2AUqDidoKqcTOw=="
  "resolved" "https://registry.npmjs.org/negotiator/-/negotiator-0.6.2.tgz"
  "version" "0.6.2"

"normalize-path@^3.0.0", "normalize-path@~3.0.0":
  "integrity" "sha512-6eZs5Ls3WtCisHWp9S2GUy8dqkpGi4BVSz3GaqiE6ezub0512ESztXUwUB6C6IKbQkY2Pnb/mD4WYojCRwcwLA=="
  "resolved" "https://registry.npmjs.org/normalize-path/-/normalize-path-3.0.0.tgz"
  "version" "3.0.0"

"object-assign@^4":
  "integrity" "sha1-IQmtx5ZYh8/AXLvUQsrIv7s2CGM= sha512-rJgTQnkUnH1sFw8yT6VSU3zD3sWmu6sZhIseY8VX+GRu3P6F7Fu+JNDoXfklElbLJSnc3FUQHVe4cU5hj+BcUg=="
  "resolved" "https://registry.npmjs.org/object-assign/-/object-assign-4.1.1.tgz"
  "version" "4.1.1"

"object-keys@^1.0.6":
  "integrity" "sha512-NuAESUOUMrlIXOfHKzD6bpPu3tYt3xvjNdRIQ+FeT0lNb4K8WR70CaDxhuNguS2XG+GjkyMwOzsN5ZktImfhLA=="
  "resolved" "https://registry.npmjs.org/object-keys/-/object-keys-1.1.1.tgz"
  "version" "1.1.1"

"on-finished@~2.3.0":
  "integrity" "sha1-IPEzZIGwg811M3mSoWlxqi2QaUc= sha512-ikqdkGAAyf/X/gPhXGvfgAytDZtDbr+bkNUJ0N9h5MI/dmdgCs3l6hoHrcUv41sRKew3jIwrp4qQDXiK99Utww=="
  "resolved" "https://registry.npmjs.org/on-finished/-/on-finished-2.3.0.tgz"
  "version" "2.3.0"
  dependencies:
    "ee-first" "1.1.1"

"once@^1.3.0":
  "integrity" "sha1-WDsap3WWHUsROsF9nFC6753Xa9E= sha512-lNaJgI+2Q5URQBkccEKHTQOPaXdUxnZZElQTZY0MFUAuaEqe1E+Nyvgdz/aIyNi6Z9MzO5dv1H8n58/GELp3+w=="
  "resolved" "https://registry.npmjs.org/once/-/once-1.4.0.tgz"
  "version" "1.4.0"
  dependencies:
    "wrappy" "1"

"parseurl@~1.3.3":
  "integrity" "sha512-CiyeOxFT/JZyN5m0z9PfXw4SCBJ6Sygz1Dpl0wqjlhDEGGBP1GnsUVEL0p63hoG1fcj3fHynXi9NYO4nWOL+qQ=="
  "resolved" "https://registry.npmjs.org/parseurl/-/parseurl-1.3.3.tgz"
  "version" "1.3.3"

"path-is-absolute@^1.0.0":
  "integrity" "sha1-F0uSaHNVNP+8es5r9TpanhtcX18= sha512-AVbw3UJ2e9bq64vSaS9Am0fje1Pa8pbGqTTsmXfaIiMpnr5DlDhfJOuLj9Sf95ZPVDAUerDfEk88MPmPe7UCQg=="
  "resolved" "https://registry.npmjs.org/path-is-absolute/-/path-is-absolute-1.0.1.tgz"
  "version" "1.0.1"

"path-parse@^1.0.6":
  "integrity" "sha512-LDJzPVEEEPR+y48z93A0Ed0yXb8pAByGWo/k5YYdYgpY2/2EsOsksJrq7lOHxryrVOn1ejG6oAp8ahvOIQD8sw=="
  "resolved" "https://registry.npmjs.org/path-parse/-/path-parse-1.0.7.tgz"
  "version" "1.0.7"

"path-to-regexp@0.1.7":
  "integrity" "sha1-32BBeABfUi8V60SQ5yR6G/qmf4w= sha512-5DFkuoqlv1uYQKxy8omFBeJPQcdoE07Kv2sferDCrAq1ohOU+MSDswDIbnx3YAM60qIOnYa53wBhXW0EbMonrQ=="
  "resolved" "https://registry.npmjs.org/path-to-regexp/-/path-to-regexp-0.1.7.tgz"
  "version" "0.1.7"

"picomatch@^2.0.4", "picomatch@^2.2.1":
  "integrity" "sha512-lY1Q/PiJGC2zOv/z391WOTD+Z02bCgsFfvxoXXf6h7kv9o+WmsmzYqrAwY63sNgOxE4xEdq0WyUnXfKeBrSvYw=="
  "resolved" "https://registry.npmjs.org/picomatch/-/picomatch-2.3.0.tgz"
  "version" "2.3.0"

"proxy-addr@~2.0.5":
  "integrity" "sha512-llQsMLSUDUPT44jdrU/O37qlnifitDP+ZwrmmZcoSKyLKvtZxpyV0n2/bD/N4tBAAZ/gJEdZU7KMraoK1+XYAg=="
  "resolved" "https://registry.npmjs.org/proxy-addr/-/proxy-addr-2.0.7.tgz"
  "version" "2.0.7"
  dependencies:
    "forwarded" "0.2.0"
    "ipaddr.js" "1.9.1"

"qs@6.7.0":
  "integrity" "sha512-VCdBRNFTX1fyE7Nb6FYoURo/SPe62QCaAyzJvUjwRaIsc+NePBEniHlvxFmmX56+HZphIGtV0XeCirBtpDrTyQ=="
  "resolved" "https://registry.npmjs.org/qs/-/qs-6.7.0.tgz"
  "version" "6.7.0"

"range-parser@~1.2.1":
  "integrity" "sha512-Hrgsx+orqoygnmhFbKaHE6c296J+HTAQXoxEF6gNupROmmGJRoyzfG3ccAveqCBrwr/2yxQ5BVd/GTl5agOwSg=="
  "resolved" "https://registry.npmjs.org/range-parser/-/range-parser-1.2.1.tgz"
  "version" "1.2.1"

"raw-body@2.4.0":
  "integrity" "sha512-4Oz8DUIwdvoa5qMJelxipzi/iJIi40O5cGV1wNYp5hvZP8ZN0T+jiNkL0QepXs+EsQ9XJ8ipEDoiH70ySUJP3Q=="
  "resolved" "https://registry.npmjs.org/raw-body/-/raw-body-2.4.0.tgz"
  "version" "2.4.0"
  dependencies:
    "bytes" "3.1.0"
    "http-errors" "1.7.2"
    "iconv-lite" "0.4.24"
    "unpipe" "1.0.0"

"readdirp@~3.6.0":
  "integrity" "sha512-hOS089on8RduqdbhvQ5Z37A0ESjsqz6qnRcffsMU3495FuTdqSm+7bhJ29JvIOsBDEEnan5DPu9t3To9VRlMzA=="
  "resolved" "https://registry.npmjs.org/readdirp/-/readdirp-3.6.0.tgz"
  "version" "3.6.0"
  dependencies:
    "picomatch" "^2.2.1"

"resolve@^1.0.0":
  "integrity" "sha512-wENBPt4ySzg4ybFQW2TT1zMQucPK95HSh/nq2CFTZVOGut2+pQvSsgtda4d26YrYcr067wjbmzOG8byDPBX63A=="
  "resolved" "https://registry.npmjs.org/resolve/-/resolve-1.20.0.tgz"
  "version" "1.20.0"
  dependencies:
    "is-core-module" "^2.2.0"
    "path-parse" "^1.0.6"

"rimraf@^2.6.1":
  "integrity" "sha512-uWjbaKIK3T1OSVptzX7Nl6PvQ3qAGtKEtVRjRuazjfL3Bx5eI409VZSqgND+4UNnmzLVdPj9FqFJNPqBZFve4w=="
  "resolved" "https://registry.npmjs.org/rimraf/-/rimraf-2.7.1.tgz"
  "version" "2.7.1"
  dependencies:
    "glob" "^7.1.3"

"safe-buffer@5.1.2":
  "integrity" "sha512-Gd2UZBJDkXlY7GbJxfsE8/nvKkUEU1G38c1siN6QP6a9PT9MmHB8GnpscSmMJSoF8LOIrt8ud/wPtojys4G6+g=="
  "resolved" "https://registry.npmjs.org/safe-buffer/-/safe-buffer-5.1.2.tgz"
  "version" "5.1.2"

"safer-buffer@>= 2.1.2 < 3":
  "integrity" "sha512-YZo3K82SD7Riyi0E1EQPojLz7kpepnSQI9IyPbHHg1XXXevb5dJI7tpyN2ADxGcQbHG7vcyRHk0cbwqcQriUtg=="
  "resolved" "https://registry.npmjs.org/safer-buffer/-/safer-buffer-2.1.2.tgz"
  "version" "2.1.2"

"send@0.17.1":
  "integrity" "sha512-BsVKsiGcQMFwT8UxypobUKyv7irCNRHk1T0G680vk88yf6LBByGcZJOTJCrTP2xVN6yI+XjPJcNuE3V4fT9sAg=="
  "resolved" "https://registry.npmjs.org/send/-/send-0.17.1.tgz"
  "version" "0.17.1"
  dependencies:
    "debug" "2.6.9"
    "depd" "~1.1.2"
    "destroy" "~1.0.4"
    "encodeurl" "~1.0.2"
    "escape-html" "~1.0.3"
    "etag" "~1.8.1"
    "fresh" "0.5.2"
    "http-errors" "~1.7.2"
    "mime" "1.6.0"
    "ms" "2.1.1"
    "on-finished" "~2.3.0"
    "range-parser" "~1.2.1"
    "statuses" "~1.5.0"

"serve-static@1.14.1":
  "integrity" "sha512-JMrvUwE54emCYWlTI+hGrGv5I8dEwmco/00EvkzIIsR7MqrHonbD9pO2MOfFnpFntl7ecpZs+3mW+XbQZu9QCg=="
  "resolved" "https://registry.npmjs.org/serve-static/-/serve-static-1.14.1.tgz"
  "version" "1.14.1"
  dependencies:
    "encodeurl" "~1.0.2"
    "escape-html" "~1.0.3"
    "parseurl" "~1.3.3"
    "send" "0.17.1"

"setprototypeof@1.1.1":
  "integrity" "sha512-JvdAWfbXeIGaZ9cILp38HntZSFSo3mWg6xGcJJsd+d4aRMOqauag1C63dJfDw7OaMYwEbHMOxEZ1lqVRYP2OAw=="
  "resolved" "https://registry.npmjs.org/setprototypeof/-/setprototypeof-1.1.1.tgz"
  "version" "1.1.1"

"sigmund@~1.0.0":
  "integrity" "sha1-P/IfGYytIXX587eBhT/ZTQ0ZtZA= sha512-fCvEXfh6NWpm+YSuY2bpXb/VIihqWA6hLsgboC+0nl71Q7N7o2eaCW8mJa/NLvQhs6jpd3VZV4UiUQlV6+lc8g=="
  "resolved" "https://registry.npmjs.org/sigmund/-/sigmund-1.0.1.tgz"
  "version" "1.0.1"

"source-map-support@^0.5.12", "source-map-support@^0.5.17":
  "integrity" "sha512-Wonm7zOCIJzBGQdB+thsPar0kYuCIzYvxZwlBa87yi/Mdjv7Tip2cyVbLj5o0cFPN4EVkuTwb3GDDyUx2DGnGw=="
  "resolved" "https://registry.npmjs.org/source-map-support/-/source-map-support-0.5.19.tgz"
  "version" "0.5.19"
  dependencies:
    "buffer-from" "^1.0.0"
    "source-map" "^0.6.0"

"source-map@^0.6.0":
  "integrity" "sha512-UjgapumWlbMhkBgzT7Ykc5YXUT46F0iKu8SGXq0bcwP5dz/h0Plj6enJqjz1Zbq2l5WaqYnrVbwWOWMyF3F47g=="
  "resolved" "https://registry.npmjs.org/source-map/-/source-map-0.6.1.tgz"
  "version" "0.6.1"

"spelling-corrector@^3.0.0":
  "integrity" "sha1-IpYCHq1h2kV1TfEuzyAwxcrjRDM= sha512-ldI9qWMR5qJgRPycKrB69PPJ8KNPgUQJ8/4wFAk0Ct+Gx9XyfMJeTGdNwAJoab5kavzY91PNVcLsou7hPbr9cQ=="
  "resolved" "https://registry.npmjs.org/spelling-corrector/-/spelling-corrector-3.0.0.tgz"
  "version" "3.0.0"
  dependencies:
    "blanket" "1.x.x"
    "fs" "x.x.x"
    "hashmap" "2.0.3"
    "mocha" "2.x.x"

"statuses@>= 1.5.0 < 2", "statuses@~1.5.0":
  "integrity" "sha1-Fhx9rBd2Wf2YEfQ3cfqZOBR4Yow= sha512-OpZ3zP+jT1PI7I8nemJX4AKmAX070ZkYPVWV/AaKTJl+tXCTGyVdC1a4SL8RUQYEwk/f34ZX8UTykN68FwrqAA=="
  "resolved" "https://registry.npmjs.org/statuses/-/statuses-1.5.0.tgz"
  "version" "1.5.0"

"stopword@^1.0.11":
  "integrity" "sha512-rMBuk91/PTdV7GpVIwlZRLGcmZ9OMbTM+KXJN19oKIkgns+EhTVEzXfb4q8/v4ExuoGxNSBSHmuzt+DUijuQqQ=="
  "resolved" "https://registry.npmjs.org/stopword/-/stopword-1.0.11.tgz"
  "version" "1.0.11"

"strip-bom@^3.0.0":
  "integrity" "sha1-IzTBjpx1n3vdVv3vfprj1YjmjtM= sha512-vavAMRXOgBVNF6nyEEmL3DBK19iRpDcoIwW+swQ+CbGiu7lju6t+JklA1MHweoWtadgt4ISVUsXLyDq34ddcwA=="
  "resolved" "https://registry.npmjs.org/strip-bom/-/strip-bom-3.0.0.tgz"
  "version" "3.0.0"

"strip-json-comments@^2.0.0":
  "integrity" "sha1-PFMZQukIwml8DsNEhYwobHygpgo= sha512-4gB8na07fecVVkOI6Rs4e7T6NOTki5EmL7TUduTs6bu3EdnSycntVJ4re8kgZA+wx9IueI2Y11bfbgwtzuE0KQ=="
  "resolved" "https://registry.npmjs.org/strip-json-comments/-/strip-json-comments-2.0.1.tgz"
  "version" "2.0.1"

"supports-color@1.2.0":
  "integrity" "sha1-/x7R5hFp0Gs88tWI4YixjYhH4X4= sha512-mS5xsnjTh5b7f2DM6bch6lR582UCOTphzINlZnDsfpIRrwI6r58rb6YSSGsdexkm8qw2bBVO2ID2fnJOTuLiPA=="
  "resolved" "https://registry.npmjs.org/supports-color/-/supports-color-1.2.0.tgz"
  "version" "1.2.0"

"sylvester@^0.0.12", "sylvester@>= 0.0.8":
  "integrity" "sha1-WohEFc0tACxX56OqyZRip1zp/bQ= sha512-SzRP5LQ6Ts2G5NyAa/jg16s8e3R7rfdFjizy1zeoecYWw+nGL+YA1xZvW/+iJmidBGSdLkuvdwTYEyJEb+EiUw=="
  "resolved" "https://registry.npmjs.org/sylvester/-/sylvester-0.0.12.tgz"
  "version" "0.0.12"

"to-iso-string@0.0.2":
  "integrity" "sha1-TcGeZk38y+Jb2NtQiwDG2hWCVdE= sha512-oeHLgfWA7d0CPQa6h0+i5DAJZISz5un0d5SHPkw+Untclcvzv9T+AC3CvGXlZJdOlIbxbTfyyzlqCXc5hjpXYg=="
  "resolved" "https://registry.npmjs.org/to-iso-string/-/to-iso-string-0.0.2.tgz"
  "version" "0.0.2"

"to-regex-range@^5.0.1":
  "integrity" "sha512-65P7iz6X5yEr1cwcgvQxbbIw7Uk3gOy5dIdtZ4rDveLqhrdJP+Li/Hx6tyK0NEb+2GCyneCMJiGqrADCSNk8sQ=="
  "resolved" "https://registry.npmjs.org/to-regex-range/-/to-regex-range-5.0.1.tgz"
  "version" "5.0.1"
  dependencies:
    "is-number" "^7.0.0"

"toidentifier@1.0.0":
  "integrity" "sha512-yaOH/Pk/VEhBWWTlhI+qXxDFXlejDGcQipMlyxda9nthulaxLZUNcUqFxokp0vcYnvteJln5FNQDRrxj3YcbVw=="
  "resolved" "https://registry.npmjs.org/toidentifier/-/toidentifier-1.0.0.tgz"
  "version" "1.0.0"

"tree-kill@^1.2.2":
  "integrity" "sha512-L0Orpi8qGpRG//Nd+H90vFB+3iHnue1zSSGmNOOCh1GLJ7rUKVwV2HvijphGQS2UmhUZewS9VgvxYIdgr+fG1A=="
  "resolved" "https://registry.npmjs.org/tree-kill/-/tree-kill-1.2.2.tgz"
  "version" "1.2.2"

"ts-node-dev@^1.1.8":
  "integrity" "sha512-Q/m3vEwzYwLZKmV6/0VlFxcZzVV/xcgOt+Tx/VjaaRHyiBcFlV0541yrT09QjzzCxlDZ34OzKjrFAynlmtflEg=="
  "resolved" "https://registry.npmjs.org/ts-node-dev/-/ts-node-dev-1.1.8.tgz"
  "version" "1.1.8"
  dependencies:
    "chokidar" "^3.5.1"
    "dynamic-dedupe" "^0.3.0"
    "minimist" "^1.2.5"
    "mkdirp" "^1.0.4"
    "resolve" "^1.0.0"
    "rimraf" "^2.6.1"
    "source-map-support" "^0.5.12"
    "tree-kill" "^1.2.2"
    "ts-node" "^9.0.0"
    "tsconfig" "^7.0.0"

"ts-node@^9.0.0":
  "integrity" "sha512-hPlt7ZACERQGf03M253ytLY3dHbGNGrAq9qIHWUY9XHYl1z7wYngSr3OQ5xmui8o2AaxsONxIzjafLUiWBo1Fg=="
  "resolved" "https://registry.npmjs.org/ts-node/-/ts-node-9.1.1.tgz"
  "version" "9.1.1"
  dependencies:
    "arg" "^4.1.0"
    "create-require" "^1.1.0"
    "diff" "^4.0.1"
    "make-error" "^1.1.1"
    "source-map-support" "^0.5.17"
    "yn" "3.1.1"

"tsconfig@^7.0.0":
  "integrity" "sha512-vZXmzPrL+EmC4T/4rVlT2jNVMWCi/O4DIiSj3UHg1OE5kCKbk4mfrXc6dZksLgRM/TZlKnousKH9bbTazUWRRw=="
  "resolved" "https://registry.npmjs.org/tsconfig/-/tsconfig-7.0.0.tgz"
  "version" "7.0.0"
  dependencies:
    "@types/strip-bom" "^3.0.0"
    "@types/strip-json-comments" "0.0.30"
    "strip-bom" "^3.0.0"
    "strip-json-comments" "^2.0.0"

"type-is@~1.6.17", "type-is@~1.6.18":
  "integrity" "sha512-TkRKr9sUTxEH8MdfuCSP7VizJyzRNMjj2J2do2Jr3Kym598JVdEksuzPQCnlFPW4ky9Q+iA+ma9BGm06XQBy8g=="
  "resolved" "https://registry.npmjs.org/type-is/-/type-is-1.6.18.tgz"
  "version" "1.6.18"
  dependencies:
    "media-typer" "0.3.0"
    "mime-types" "~2.1.24"

"typescript@*", "typescript@^4.3.5", "typescript@>=2.7":
  "integrity" "sha512-DqQgihaQ9cUrskJo9kIyW/+g0Vxsk8cDtZ52a3NGh0YNTfpUSArXSohyUGnvbPazEPLu398C0UxmKSOrPumUzA=="
  "resolved" "https://registry.npmjs.org/typescript/-/typescript-4.3.5.tgz"
  "version" "4.3.5"

"underscore@^1.9.1":
  "integrity" "sha512-hzSoAVtJF+3ZtiFX0VgfFPHEDRm7Y/QPjGyNo4TVdnDTdft3tr8hEkD25a1jC+TjTuE7tkHGKkhwCgs9dgBB2g=="
  "resolved" "https://registry.npmjs.org/underscore/-/underscore-1.13.1.tgz"
  "version" "1.13.1"

"unpipe@~1.0.0", "unpipe@1.0.0":
  "integrity" "sha1-sr9O6FFKrmFltIF4KdIbLvSZBOw= sha512-pjy2bYhSsufwWlKwPc+l3cN7+wuJlK6uz0YdJEOlQDbl6jo/YlPi4mb8agUkVC8BF7V8NuzeyPNqRksA3hztKQ=="
  "resolved" "https://registry.npmjs.org/unpipe/-/unpipe-1.0.0.tgz"
  "version" "1.0.0"

"utils-merge@1.0.1":
  "integrity" "sha1-n5VxD1CiZ5R7LMwSR0HBAoQn5xM= sha512-pMZTvIkT1d+TFGvDOqodOclx0QWkkgi6Tdoa8gC8ffGAAqz9pzPTZWAybbsHHoED/ztMtkv/VoYTYyShUn81hA=="
  "resolved" "https://registry.npmjs.org/utils-merge/-/utils-merge-1.0.1.tgz"
  "version" "1.0.1"

"vary@^1", "vary@~1.1.2":
  "integrity" "sha1-IpnwLG3tMNSllhsLn3RSShj2NPw= sha512-BNGbWLfd0eUPabhkXUVm0j8uuvREyTh5ovRa/dyow/BqAbZJyC+5fU+IzQOzmAKzYqYRAISoRhdQr3eIZ/PXqg=="
  "resolved" "https://registry.npmjs.org/vary/-/vary-1.1.2.tgz"
  "version" "1.1.2"

"wordnet-db@^3.1.11":
  "integrity" "sha512-zVyFsvE+mq9MCmwXUWHIcpfbrHHClZWZiVOzKSxNJruIcFn2RbY55zkhiAMMxM8zCVSmtNiViq8FsAZSFpMYag=="
  "resolved" "https://registry.npmjs.org/wordnet-db/-/wordnet-db-3.1.14.tgz"
  "version" "3.1.14"

"wrappy@1":
  "integrity" "sha1-tSQ9jz7BqjXxNkYFvA0QNuMKtp8= sha512-l4Sp/DRseor9wL6EvV2+TuQn63dMkPjZ/sp9XkghTEbV9KlPS1xUsZ3u7/IQO4wxtcFB4bgpQPRcR3QCvezPcQ=="
  "resolved" "https://registry.npmjs.org/wrappy/-/wrappy-1.0.2.tgz"
  "version" "1.0.2"

"xtend@^4.0.0", "xtend@~4.0.0":
  "integrity" "sha512-LKYU1iAXJXUgAXn9URjiu+MWhyUXHsvfp7mcuYm9dSUKK0/CjtrUwFAxD82/mCWbtLsGjFIad0wIsod4zrTAEQ=="
  "resolved" "https://registry.npmjs.org/xtend/-/xtend-4.0.2.tgz"
  "version" "4.0.2"

"yn@3.1.1":
  "integrity" "sha512-Ux4ygGWsu2c7isFWe8Yu1YluJmqVhxqK2cLXNQA5AcC3QfbGNpM7fu0Y8b/z16pXLnFxZYvWhd3fhBY9DLmC6Q=="
  "resolved" "https://registry.npmjs.org/yn/-/yn-3.1.1.tgz"
  "version" "3.1.1"
